Microsoft Visual Studio Solution File, Format Version 12.00
# Visual Studio Version 17
VisualStudioVersion = 17.5.2.0
MinimumVisualStudioVersion = 10.0.40219.1
Project("{FAE04EC0-301F-11D3-BF4B-00C04F79EFBC}") = "MCPFileSearchDemo", "MCPFileSearchDemo.csproj", "{0C61A2DF-BBE6-9589-90BF-23730C959315}"
EndProject
Global
	GlobalSection(SolutionConfigurationPlatforms) = preSolution
		Debug|Any CPU = Debug|Any CPU
		Release|Any CPU = Release|Any CPU
	EndGlobalSection
	GlobalSection(ProjectConfigurationPlatforms) = postSolution
		{0C61A2DF-BBE6-9589-90BF-23730C959315}.Debug|Any CPU.ActiveCfg = Debug|Any CPU
		{0C61A2DF-BBE6-9589-90BF-23730C959315}.Debug|Any CPU.Build.0 = Debug|Any CPU
		{0C61A2DF-BBE6-9589-90BF-23730C959315}.Release|Any CPU.ActiveCfg = Release|Any CPU
		{0C61A2DF-BBE6-9589-90BF-23730C959315}.Release|Any CPU.Build.0 = Release|Any CPU
	EndGlobalSection
	GlobalSection(SolutionProperties) = preSolution
		HideSolutionNode = FALSE
	EndGlobalSection
	GlobalSection(ExtensibilityGlobals) = postSolution
		SolutionGuid = {FEF03416-E5D8-46B3-BFEF-F3866257A2E0}
	EndGlobalSection
EndGlobal
